
Microsoft Visual Studio Solution File, Format Version 11.00
# Visual Studio 2010
Project("{FAE04EC0-301F-11D3-BF4B-00C04F79EFBC}") = "Fly-or-Die", "Assembly-CSharp-firstpass.csproj", "{2D2AA3A2-D03F-0041-50DF-D090D551EC14}"
EndProject
Project("{FAE04EC0-301F-11D3-BF4B-00C04F79EFBC}") = "Fly-or-Die", "Assembly-CSharp.csproj", "{6FD29864-893D-55B4-BB6D-AEF3164C3D53}"
EndProject
Project("{FAE04EC0-301F-11D3-BF4B-00C04F79EFBC}") = "Fly-or-Die", "Assembly-CSharp-Editor-firstpass.csproj", "{AA0847B0-C2BA-B1B2-3BC9-E8D867189DF8}"
EndProject
Project("{A09151C2-6B0F-D815-D510-E632C3B36C92}") = "Fly-or-Die", "Assembly-UnityScript.unityproj", "{18C9D966-61FB-81C0-2C07-6D6DECFE9B05}"
EndProject
Global
	GlobalSection(SolutionConfigurationPlatforms) = preSolution
		Debug|Any CPU = Debug|Any CPU
		Release|Any CPU = Release|Any CPU
	EndGlobalSection
	GlobalSection(ProjectConfigurationPlatforms) = postSolution
		{2D2AA3A2-D03F-0041-50DF-D090D551EC14}.Debug|Any CPU.ActiveCfg = Debug|Any CPU
		{2D2AA3A2-D03F-0041-50DF-D090D551EC14}.Debug|Any CPU.Build.0 = Debug|Any CPU
		{2D2AA3A2-D03F-0041-50DF-D090D551EC14}.Release|Any CPU.ActiveCfg = Release|Any CPU
		{2D2AA3A2-D03F-0041-50DF-D090D551EC14}.Release|Any CPU.Build.0 = Release|Any CPU
		{6FD29864-893D-55B4-BB6D-AEF3164C3D53}.Debug|Any CPU.ActiveCfg = Debug|Any CPU
		{6FD29864-893D-55B4-BB6D-AEF3164C3D53}.Debug|Any CPU.Build.0 = Debug|Any CPU
		{6FD29864-893D-55B4-BB6D-AEF3164C3D53}.Release|Any CPU.ActiveCfg = Release|Any CPU
		{6FD29864-893D-55B4-BB6D-AEF3164C3D53}.Release|Any CPU.Build.0 = Release|Any CPU
		{AA0847B0-C2BA-B1B2-3BC9-E8D867189DF8}.Debug|Any CPU.ActiveCfg = Debug|Any CPU
		{AA0847B0-C2BA-B1B2-3BC9-E8D867189DF8}.Debug|Any CPU.Build.0 = Debug|Any CPU
		{AA0847B0-C2BA-B1B2-3BC9-E8D867189DF8}.Release|Any CPU.ActiveCfg = Release|Any CPU
		{AA0847B0-C2BA-B1B2-3BC9-E8D867189DF8}.Release|Any CPU.Build.0 = Release|Any CPU
		{18C9D966-61FB-81C0-2C07-6D6DECFE9B05}.Debug|Any CPU.ActiveCfg = Debug|Any CPU
		{18C9D966-61FB-81C0-2C07-6D6DECFE9B05}.Debug|Any CPU.Build.0 = Debug|Any CPU
		{18C9D966-61FB-81C0-2C07-6D6DECFE9B05}.Release|Any CPU.ActiveCfg = Release|Any CPU
		{18C9D966-61FB-81C0-2C07-6D6DECFE9B05}.Release|Any CPU.Build.0 = Release|Any CPU
	EndGlobalSection
	GlobalSection(SolutionProperties) = preSolution
		HideSolutionNode = FALSE
	EndGlobalSection
	GlobalSection(MonoDevelopProperties) = preSolution
		StartupItem = Assembly-CSharp.csproj
	EndGlobalSection
EndGlobal
